
Microsoft Visual Studio Solution File, Format Version 12.00
# Visual Studio Version 16
VisualStudioVersion = 16.0.31624.102
MinimumVisualStudioVersion = 10.0.40219.1
Project("{9A19103F-16F7-4668-BE54-9A1E7A4F7556}") = "EnergyUI", "EnergyUI.csproj", "{C9A96059-2C6E-4917-B137-2C7116A32EFB}"
EndProject
Project("{FAE04EC0-301F-11D3-BF4B-00C04F79EFBC}") = "EnergyAPI", "..\EnergyAPI\EnergyAPI.csproj", "{EA6C3090-DF4B-48D7-A49F-81D662E7995B}"
EndProject
Global
	GlobalSection(SolutionConfigurationPlatforms) = preSolution
		Debug|Any CPU = Debug|Any CPU
		Release|Any CPU = Release|Any CPU
	EndGlobalSection
	GlobalSection(ProjectConfigurationPlatforms) = postSolution
		{C9A96059-2C6E-4917-B137-2C7116A32EFB}.Debug|Any CPU.ActiveCfg = Debug|Any CPU
		{C9A96059-2C6E-4917-B137-2C7116A32EFB}.Release|Any CPU.ActiveCfg = Release|Any CPU
		{C9A96059-2C6E-4917-B137-2C7116A32EFB}.Release|Any CPU.Build.0 = Release|Any CPU
		{EA6C3090-DF4B-48D7-A49F-81D662E7995B}.Debug|Any CPU.ActiveCfg = Debug|Any CPU
		{EA6C3090-DF4B-48D7-A49F-81D662E7995B}.Debug|Any CPU.Build.0 = Debug|Any CPU
		{EA6C3090-DF4B-48D7-A49F-81D662E7995B}.Release|Any CPU.ActiveCfg = Release|Any CPU
		{EA6C3090-DF4B-48D7-A49F-81D662E7995B}.Release|Any CPU.Build.0 = Release|Any CPU
	EndGlobalSection
	GlobalSection(SolutionProperties) = preSolution
		HideSolutionNode = FALSE
	EndGlobalSection
	GlobalSection(ExtensibilityGlobals) = postSolution
		SolutionGuid = {68C05563-8403-4EDF-BA33-51D7C4303315}
	EndGlobalSection
EndGlobal
